{
  "name": "prisma-enum-validator-generator",
  "version": "0.0.6",
  "lockfileVersion": 3,
  "requires": true,
  "packages": {
    "": {
      "name": "prisma-enum-validator-generator",
      "version": "0.0.6",
      "license": "MIT",
      "dependencies": {
        "@prisma/client": "^4.16.2",
        "@prisma/generator-helper": "^4.16.2",
        "dotenv": "^16.3.1"
      },
      "bin": {
        "prisma-enum-validator-generator": "dist/index.js"
      },
      "devDependencies": {
        "prisma": "^4.15.0",
        "typescript": "^5.1.6"
      }
    },
    "node_modules/@prisma/client": {
      "version": "4.16.2",
      "resolved": "https://registry.npmjs.org/@prisma/client/-/client-4.16.2.tgz",
      "integrity": "sha512-qCoEyxv1ZrQ4bKy39GnylE8Zq31IRmm8bNhNbZx7bF2cU5aiCCnSa93J2imF88MBjn7J9eUQneNxUQVJdl/rPQ==",
      "hasInstallScript": true,
      "dependencies": {
        "@prisma/engines-version": "4.16.1-1.4bc8b6e1b66cb932731fb1bdbbc550d1e010de81"
      },
      "engines": {
        "node": ">=14.17"
      },
      "peerDependencies": {
        "prisma": "*"
      },
      "peerDependenciesMeta": {
        "prisma": {
          "optional": true
        }
      }
    },
    "node_modules/@prisma/debug": {
      "version": "4.16.2",
      "resolved": "https://registry.npmjs.org/@prisma/debug/-/debug-4.16.2.tgz",
      "integrity": "sha512-7L7WbG0qNNZYgLpsVB8rCHCXEyHFyIycRlRDNwkVfjQmACC2OW6AWCYCbfdjQhkF/t7+S3njj8wAWAocSs+Brw==",
      "dependencies": {
        "@types/debug": "4.1.8",
        "debug": "4.3.4",
        "strip-ansi": "6.0.1"
      }
    },
    "node_modules/@prisma/engines": {
      "version": "4.15.0",
      "resolved": "https://registry.npmjs.org/@prisma/engines/-/engines-4.15.0.tgz",
      "integrity": "sha512-FTaOCGs0LL0OW68juZlGxFtYviZa4xdQj/rQEdat2txw0s3Vu/saAPKjNVXfIgUsGXmQ72HPgNr6935/P8FNAA==",
      "devOptional": true,
      "hasInstallScript": true
    },
    "node_modules/@prisma/engines-version": {
      "version": "4.16.1-1.4bc8b6e1b66cb932731fb1bdbbc550d1e010de81",
      "resolved": "https://registry.npmjs.org/@prisma/engines-version/-/engines-version-4.16.1-1.4bc8b6e1b66cb932731fb1bdbbc550d1e010de81.tgz",
      "integrity": "sha512-q617EUWfRIDTriWADZ4YiWRZXCa/WuhNgLTVd+HqWLffjMSPzyM5uOWoauX91wvQClSKZU4pzI4JJLQ9Kl62Qg=="
    },
    "node_modules/@prisma/generator-helper": {
      "version": "4.16.2",
      "resolved": "https://registry.npmjs.org/@prisma/generator-helper/-/generator-helper-4.16.2.tgz",
      "integrity": "sha512-bMOH7y73Ui7gpQrioFeavMQA+Tf8ksaVf8Nhs9rQNzuSg8SSV6E9baczob0L5KGZTSgYoqnrRxuo03kVJYrnIg==",
      "dependencies": {
        "@prisma/debug": "4.16.2",
        "@types/cross-spawn": "6.0.2",
        "cross-spawn": "7.0.3",
        "kleur": "4.1.5"
      }
    },
    "node_modules/@types/cross-spawn": {
      "version": "6.0.2",
      "resolved": "https://registry.npmjs.org/@types/cross-spawn/-/cross-spawn-6.0.2.tgz",
      "integrity": "sha512-KuwNhp3eza+Rhu8IFI5HUXRP0LIhqH5cAjubUvGXXthh4YYBuP2ntwEX+Cz8GJoZUHlKo247wPWOfA9LYEq4cw==",
      "dependencies": {
        "@types/node": "*"
      }
    },
    "node_modules/@types/debug": {
      "version": "4.1.8",
      "resolved": "https://registry.npmjs.org/@types/debug/-/debug-4.1.8.tgz",
      "integrity": "sha512-/vPO1EPOs306Cvhwv7KfVfYvOJqA/S/AXjaHQiJboCZzcNDb+TIJFN9/2C9DZ//ijSKWioNyUxD792QmDJ+HKQ==",
      "dependencies": {
        "@types/ms": "*"
      }
    },
    "node_modules/@types/ms": {
      "version": "0.7.31",
      "resolved": "https://registry.npmjs.org/@types/ms/-/ms-0.7.31.tgz",
      "integrity": "sha512-iiUgKzV9AuaEkZqkOLDIvlQiL6ltuZd9tGcW3gwpnX8JbuiuhFlEGmmFXEXkN50Cvq7Os88IY2v0dkDqXYWVgA=="
    },
    "node_modules/@types/node": {
      "version": "20.2.5",
      "resolved": "https://registry.npmjs.org/@types/node/-/node-20.2.5.tgz",
      "integrity": "sha512-JJulVEQXmiY9Px5axXHeYGLSjhkZEnD+MDPDGbCbIAbMslkKwmygtZFy1X6s/075Yo94sf8GuSlFfPzysQrWZQ=="
    },
    "node_modules/ansi-regex": {
      "version": "5.0.1",
      "resolved": "https://registry.npmjs.org/ansi-regex/-/ansi-regex-5.0.1.tgz",
      "integrity": "sha512-quJQXlTSUGL2LH9SUXo8VwsY4soanhgo6LNSm84E1LBcE8s3O0wpdiRzyR9z/ZZJMlMWv37qOOb9pdJlMUEKFQ==",
      "engines": {
        "node": ">=8"
      }
    },
    "node_modules/cross-spawn": {
      "version": "7.0.3",
      "resolved": "https://registry.npmjs.org/cross-spawn/-/cross-spawn-7.0.3.tgz",
      "integrity": "sha512-iRDPJKUPVEND7dHPO8rkbOnPpyDygcDFtWjpeWNCgy8WP2rXcxXL8TskReQl6OrB2G7+UJrags1q15Fudc7G6w==",
      "dependencies": {
        "path-key": "^3.1.0",
        "shebang-command": "^2.0.0",
        "which": "^2.0.1"
      },
      "engines": {
        "node": ">= 8"
      }
    },
    "node_modules/debug": {
      "version": "4.3.4",
      "resolved": "https://registry.npmjs.org/debug/-/debug-4.3.4.tgz",
      "integrity": "sha512-PRWFHuSU3eDtQJPvnNY7Jcket1j0t5OuOsFzPPzsekD52Zl8qUfFIPEiswXqIvHWGVHOgX+7G/vCNNhehwxfkQ==",
      "dependencies": {
        "ms": "2.1.2"
      },
      "engines": {
        "node": ">=6.0"
      },
      "peerDependenciesMeta": {
        "supports-color": {
          "optional": true
        }
      }
    },
    "node_modules/dotenv": {
      "version": "16.3.1",
      "resolved": "https://registry.npmjs.org/dotenv/-/dotenv-16.3.1.tgz",
      "integrity": "sha512-IPzF4w4/Rd94bA9imS68tZBaYyBWSCE47V1RGuMrB94iyTOIEwRmVL2x/4An+6mETpLrKJ5hQkB8W4kFAadeIQ==",
      "engines": {
        "node": ">=12"
      },
      "funding": {
        "url": "https://github.com/motdotla/dotenv?sponsor=1"
      }
    },
    "node_modules/isexe": {
      "version": "2.0.0",
      "resolved": "https://registry.npmjs.org/isexe/-/isexe-2.0.0.tgz",
      "integrity": "sha512-RHxMLp9lnKHGHRng9QFhRCMbYAcVpn69smSGcq3f36xjgVVWThj4qqLbTLlq7Ssj8B+fIQ1EuCEGI2lKsyQeIw=="
    },
    "node_modules/kleur": {
      "version": "4.1.5",
      "resolved": "https://registry.npmjs.org/kleur/-/kleur-4.1.5.tgz",
      "integrity": "sha512-o+NO+8WrRiQEE4/7nwRJhN1HWpVmJm511pBHUxPLtp0BUISzlBplORYSmTclCnJvQq2tKu/sgl3xVpkc7ZWuQQ==",
      "engines": {
        "node": ">=6"
      }
    },
    "node_modules/ms": {
      "version": "2.1.2",
      "resolved": "https://registry.npmjs.org/ms/-/ms-2.1.2.tgz",
      "integrity": "sha512-sGkPx+VjMtmA6MX27oA4FBFELFCZZ4S4XqeGOXCv68tT+jb3vk/RyaKWP0PTKyWtmLSM0b+adUTEvbs1PEaH2w=="
    },
    "node_modules/path-key": {
      "version": "3.1.1",
      "resolved": "https://registry.npmjs.org/path-key/-/path-key-3.1.1.tgz",
      "integrity": "sha512-ojmeN0qd+y0jszEtoY48r0Peq5dwMEkIlCOu6Q5f41lfkswXuKtYrhgoTpLnyIcHm24Uhqx+5Tqm2InSwLhE6Q==",
      "engines": {
        "node": ">=8"
      }
    },
    "node_modules/prisma": {
      "version": "4.15.0",
      "resolved": "https://registry.npmjs.org/prisma/-/prisma-4.15.0.tgz",
      "integrity": "sha512-iKZZpobPl48gTcSZVawLMQ3lEy6BnXwtoMj7hluoGFYu2kQ6F9LBuBrUyF95zRVnNo8/3KzLXJXJ5TEnLSJFiA==",
      "devOptional": true,
      "hasInstallScript": true,
      "dependencies": {
        "@prisma/engines": "4.15.0"
      },
      "bin": {
        "prisma": "build/index.js",
        "prisma2": "build/index.js"
      },
      "engines": {
        "node": ">=14.17"
      }
    },
    "node_modules/shebang-command": {
      "version": "2.0.0",
      "resolved": "https://registry.npmjs.org/shebang-command/-/shebang-command-2.0.0.tgz",
      "integrity": "sha512-kHxr2zZpYtdmrN1qDjrrX/Z1rR1kG8Dx+gkpK1G4eXmvXswmcE1hTWBWYUzlraYw1/yZp6YuDY77YtvbN0dmDA==",
      "dependencies": {
        "shebang-regex": "^3.0.0"
      },
      "engines": {
        "node": ">=8"
      }
    },
    "node_modules/shebang-regex": {
      "version": "3.0.0",
      "resolved": "https://registry.npmjs.org/shebang-regex/-/shebang-regex-3.0.0.tgz",
      "integrity": "sha512-7++dFhtcx3353uBaq8DDR4NuxBetBzC7ZQOhmTQInHEd6bSrXdiEyzCvG07Z44UYdLShWUyXt5M/yhz8ekcb1A==",
      "engines": {
        "node": ">=8"
      }
    },
    "node_modules/strip-ansi": {
      "version": "6.0.1",
      "resolved": "https://registry.npmjs.org/strip-ansi/-/strip-ansi-6.0.1.tgz",
      "integrity": "sha512-Y38VPSHcqkFrCpFnQ9vuSXmquuv5oXOKpGeT6aGrr3o3Gc9AlVa6JBfUSOCnbxGGZF+/0ooI7KrPuUSztUdU5A==",
      "dependencies": {
        "ansi-regex": "^5.0.1"
      },
      "engines": {
        "node": ">=8"
      }
    },
    "node_modules/typescript": {
      "version": "5.1.6",
      "resolved": "https://registry.npmjs.org/typescript/-/typescript-5.1.6.tgz",
      "integrity": "sha512-zaWCozRZ6DLEWAWFrVDz1H6FVXzUSfTy5FUMWsQlU8Ym5JP9eO4xkTIROFCQvhQf61z6O/G6ugw3SgAnvvm+HA==",
      "dev": true,
      "bin": {
        "tsc": "bin/tsc",
        "tsserver": "bin/tsserver"
      },
      "engines": {
        "node": ">=14.17"
      }
    },
    "node_modules/which": {
      "version": "2.0.2",
      "resolved": "https://registry.npmjs.org/which/-/which-2.0.2.tgz",
      "integrity": "sha512-BLI3Tl1TW3Pvl70l3yq3Y64i+awpwXqsGBYWkkqMtnbXgrMD+yj7rhW0kuEDxzJaYXGjEW5ogapKNMEKNMjibA==",
      "dependencies": {
        "isexe": "^2.0.0"
      },
      "bin": {
        "node-which": "bin/node-which"
      },
      "engines": {
        "node": ">= 8"
      }
    }
  }
}
