{
  "name": "prisma-enum-validator-generator",
  "version": "1.1.2",
  "lockfileVersion": 3,
  "requires": true,
  "packages": {
    "": {
      "name": "prisma-enum-validator-generator",
      "version": "1.1.2",
      "license": "MIT",
      "dependencies": {
        "@prisma/client": "^5.7.1",
        "@prisma/generator-helper": "^5.7.1",
        "dotenv": "^16.3.1"
      },
      "bin": {
        "prisma-enum-validator-generator": "dist/index.js"
      },
      "devDependencies": {
        "@types/node": "^20.10.6",
        "prisma": "^5.10.2",
        "typescript": "^5.3.3"
      }
    },
    "node_modules/@prisma/client": {
      "version": "5.7.1",
      "resolved": "https://registry.npmjs.org/@prisma/client/-/client-5.7.1.tgz",
      "integrity": "sha512-TUSa4nUcC4nf/e7X3jyO1pEd6XcI/TLRCA0KjkA46RDIpxUaRsBYEOqITwXRW2c0bMFyKcCRXrH4f7h4q9oOlg==",
      "hasInstallScript": true,
      "engines": {
        "node": ">=16.13"
      },
      "peerDependencies": {
        "prisma": "*"
      },
      "peerDependenciesMeta": {
        "prisma": {
          "optional": true
        }
      }
    },
    "node_modules/@prisma/debug": {
      "version": "5.7.1",
      "resolved": "https://registry.npmjs.org/@prisma/debug/-/debug-5.7.1.tgz",
      "integrity": "sha512-yrVSO/YZOxdeIxcBtZ5BaNqUfPrZkNsAKQIQg36cJKMxj/VYK3Vk5jMKkI+gQLl0KReo1YvX8GWKfV788SELjw=="
    },
    "node_modules/@prisma/engines": {
      "version": "5.10.2",
      "resolved": "https://registry.npmjs.org/@prisma/engines/-/engines-5.10.2.tgz",
      "integrity": "sha512-HkSJvix6PW8YqEEt3zHfCYYJY69CXsNdhU+wna+4Y7EZ+AwzeupMnUThmvaDA7uqswiHkgm5/SZ6/4CStjaGmw==",
      "devOptional": true,
      "hasInstallScript": true,
      "dependencies": {
        "@prisma/debug": "5.10.2",
        "@prisma/engines-version": "5.10.0-34.5a9203d0590c951969e85a7d07215503f4672eb9",
        "@prisma/fetch-engine": "5.10.2",
        "@prisma/get-platform": "5.10.2"
      }
    },
    "node_modules/@prisma/engines-version": {
      "version": "5.10.0-34.5a9203d0590c951969e85a7d07215503f4672eb9",
      "resolved": "https://registry.npmjs.org/@prisma/engines-version/-/engines-version-5.10.0-34.5a9203d0590c951969e85a7d07215503f4672eb9.tgz",
      "integrity": "sha512-uCy/++3Jx/O3ufM+qv2H1L4tOemTNqcP/gyEVOlZqTpBvYJUe0tWtW0y3o2Ueq04mll4aM5X3f6ugQftOSLdFQ==",
      "devOptional": true
    },
    "node_modules/@prisma/engines/node_modules/@prisma/debug": {
      "version": "5.10.2",
      "resolved": "https://registry.npmjs.org/@prisma/debug/-/debug-5.10.2.tgz",
      "integrity": "sha512-bkBOmH9dpEBbMKFJj8V+Zp8IZHIBjy3fSyhLhxj4FmKGb/UBSt9doyfA6k1UeUREsMJft7xgPYBbHSOYBr8XCA==",
      "devOptional": true
    },
    "node_modules/@prisma/fetch-engine": {
      "version": "5.10.2",
      "resolved": "https://registry.npmjs.org/@prisma/fetch-engine/-/fetch-engine-5.10.2.tgz",
      "integrity": "sha512-dSmXcqSt6DpTmMaLQ9K8ZKzVAMH3qwGCmYEZr/uVnzVhxRJ1EbT/w2MMwIdBNq1zT69Rvh0h75WMIi0mrIw7Hg==",
      "devOptional": true,
      "dependencies": {
        "@prisma/debug": "5.10.2",
        "@prisma/engines-version": "5.10.0-34.5a9203d0590c951969e85a7d07215503f4672eb9",
        "@prisma/get-platform": "5.10.2"
      }
    },
    "node_modules/@prisma/fetch-engine/node_modules/@prisma/debug": {
      "version": "5.10.2",
      "resolved": "https://registry.npmjs.org/@prisma/debug/-/debug-5.10.2.tgz",
      "integrity": "sha512-bkBOmH9dpEBbMKFJj8V+Zp8IZHIBjy3fSyhLhxj4FmKGb/UBSt9doyfA6k1UeUREsMJft7xgPYBbHSOYBr8XCA==",
      "devOptional": true
    },
    "node_modules/@prisma/generator-helper": {
      "version": "5.7.1",
      "resolved": "https://registry.npmjs.org/@prisma/generator-helper/-/generator-helper-5.7.1.tgz",
      "integrity": "sha512-BiaCt3YtMnjAoqJ51rVSkvlPk0p7ErjmgFOjRUmAE/m75E9tJmFtgT6NWzXiX6KWs2OvnVuAqNY7imK6ZwlExA==",
      "dependencies": {
        "@prisma/debug": "5.7.1"
      }
    },
    "node_modules/@prisma/get-platform": {
      "version": "5.10.2",
      "resolved": "https://registry.npmjs.org/@prisma/get-platform/-/get-platform-5.10.2.tgz",
      "integrity": "sha512-nqXP6vHiY2PIsebBAuDeWiUYg8h8mfjBckHh6Jezuwej0QJNnjDiOq30uesmg+JXxGk99nqyG3B7wpcOODzXvg==",
      "devOptional": true,
      "dependencies": {
        "@prisma/debug": "5.10.2"
      }
    },
    "node_modules/@prisma/get-platform/node_modules/@prisma/debug": {
      "version": "5.10.2",
      "resolved": "https://registry.npmjs.org/@prisma/debug/-/debug-5.10.2.tgz",
      "integrity": "sha512-bkBOmH9dpEBbMKFJj8V+Zp8IZHIBjy3fSyhLhxj4FmKGb/UBSt9doyfA6k1UeUREsMJft7xgPYBbHSOYBr8XCA==",
      "devOptional": true
    },
    "node_modules/@types/node": {
      "version": "20.10.6",
      "resolved": "https://registry.npmjs.org/@types/node/-/node-20.10.6.tgz",
      "integrity": "sha512-Vac8H+NlRNNlAmDfGUP7b5h/KA+AtWIzuXy0E6OyP8f1tCLYAtPvKRRDJjAPqhpCb0t6U2j7/xqAuLEebW2kiw==",
      "dev": true,
      "dependencies": {
        "undici-types": "~5.26.4"
      }
    },
    "node_modules/dotenv": {
      "version": "16.3.1",
      "resolved": "https://registry.npmjs.org/dotenv/-/dotenv-16.3.1.tgz",
      "integrity": "sha512-IPzF4w4/Rd94bA9imS68tZBaYyBWSCE47V1RGuMrB94iyTOIEwRmVL2x/4An+6mETpLrKJ5hQkB8W4kFAadeIQ==",
      "engines": {
        "node": ">=12"
      },
      "funding": {
        "url": "https://github.com/motdotla/dotenv?sponsor=1"
      }
    },
    "node_modules/prisma": {
      "version": "5.10.2",
      "resolved": "https://registry.npmjs.org/prisma/-/prisma-5.10.2.tgz",
      "integrity": "sha512-hqb/JMz9/kymRE25pMWCxkdyhbnIWrq+h7S6WysJpdnCvhstbJSNP/S6mScEcqiB8Qv2F+0R3yG+osRaWqZacQ==",
      "devOptional": true,
      "hasInstallScript": true,
      "dependencies": {
        "@prisma/engines": "5.10.2"
      },
      "bin": {
        "prisma": "build/index.js"
      },
      "engines": {
        "node": ">=16.13"
      }
    },
    "node_modules/typescript": {
      "version": "5.3.3",
      "resolved": "https://registry.npmjs.org/typescript/-/typescript-5.3.3.tgz",
      "integrity": "sha512-pXWcraxM0uxAS+tN0AG/BF2TyqmHO014Z070UsJ+pFvYuRSq8KH8DmWpnbXe0pEPDHXZV3FcAbJkijJ5oNEnWw==",
      "dev": true,
      "bin": {
        "tsc": "bin/tsc",
        "tsserver": "bin/tsserver"
      },
      "engines": {
        "node": ">=14.17"
      }
    },
    "node_modules/undici-types": {
      "version": "5.26.5",
      "resolved": "https://registry.npmjs.org/undici-types/-/undici-types-5.26.5.tgz",
      "integrity": "sha512-JlCMO+ehdEIKqlFxk6IfVoAUVmgz7cU7zD/h9XZ0qzeosSHmUJVOzSQvvYSYWXkFXC+IfLKSIffhv0sVZup6pA==",
      "dev": true
    }
  }
}
